
Microsoft Visual Studio Solution File, Format Version 12.00
# Visual Studio Version 17
VisualStudioVersion = 17.3.32929.385
MinimumVisualStudioVersion = 10.0.40219.1
Project("{FAE04EC0-301F-11D3-BF4B-00C04F79EFBC}") = "WebApplication1", "WebApplication1\WebApplication1.csproj", "{61AEA668-A65E-4275-9970-934A55DD2994}"
EndProject
Global
	GlobalSection(SolutionConfigurationPlatforms) = preSolution
		Debug|Any CPU = Debug|Any CPU
		Release|Any CPU = Release|Any CPU
	EndGlobalSection
	GlobalSection(ProjectConfigurationPlatforms) = postSolution
		{61AEA668-A65E-4275-9970-934A55DD2994}.Debug|Any CPU.ActiveCfg = Debug|Any CPU
		{61AEA668-A65E-4275-9970-934A55DD2994}.Debug|Any CPU.Build.0 = Debug|Any CPU
		{61AEA668-A65E-4275-9970-934A55DD2994}.Release|Any CPU.ActiveCfg = Release|Any CPU
		{61AEA668-A65E-4275-9970-934A55DD2994}.Release|Any CPU.Build.0 = Release|Any CPU
	EndGlobalSection
	GlobalSection(SolutionProperties) = preSolution
		HideSolutionNode = FALSE
	EndGlobalSection
	GlobalSection(ExtensibilityGlobals) = postSolution
		SolutionGuid = {2D6AD910-B896-4EB8-B0F3-B3B9CB7817AC}
	EndGlobalSection
EndGlobal
